PODS:
  - brightness_volume (0.0.1):
    - Flutter
  - Flutter (1.0.0)
  - ftl_player (0.0.1):
    - Flutter
    - TXLiteAVSDK_Player
  - TXLiteAVSDK_Player (7.9.9565)

DEPENDENCIES:
  - brightness_volume (from `.symlinks/plugins/brightness_volume/ios`)
  - Flutter (from `Flutter`)
  - ftl_player (from `.symlinks/plugins/ftl_player/ios`)

SPEC REPOS:
  trunk:
    - TXLiteAVSDK_Player

EXTERNAL SOURCES:
  brightness_volume:
    :path: ".symlinks/plugins/brightness_volume/ios"
  Flutter:
    :path: Flutter
  ftl_player:
    :path: ".symlinks/plugins/ftl_player/ios"

SPEC CHECKSUMS:
  brightness_volume: e63139ebe38e642937d5cd286b58c9a9890f1725
  Flutter: 434fef37c0980e73bb6479ef766c45957d4b510c
  ftl_player: 440aa492d526a3cacd91318f5442cc5733d9af8b
  TXLiteAVSDK_Player: 1e174994f478514c72a7db06d9b04e5968db6cdd

PODFILE CHECKSUM: 8e679eca47255a8ca8067c4c67aab20e64cb974d

COCOAPODS: 1.10.1
